
Microsoft Visual Studio Solution File, Format Version 12.00
# Visual Studio Version 17
VisualStudioVersion = 17.3.32825.248
MinimumVisualStudioVersion = 10.0.40219.1
Project("{FAE04EC0-301F-11D3-BF4B-00C04F79EFBC}") = "Colecciones", "Colecciones\Colecciones.csproj", "{694CD015-7743-4FFC-B8A6-D6CF9006F006}"
EndProject
Global
	GlobalSection(SolutionConfigurationPlatforms) = preSolution
		Debug|Any CPU = Debug|Any CPU
		Release|Any CPU = Release|Any CPU
	EndGlobalSection
	GlobalSection(ProjectConfigurationPlatforms) = postSolution
		{694CD015-7743-4FFC-B8A6-D6CF9006F006}.Debug|Any CPU.ActiveCfg = Debug|Any CPU
		{694CD015-7743-4FFC-B8A6-D6CF9006F006}.Debug|Any CPU.Build.0 = Debug|Any CPU
		{694CD015-7743-4FFC-B8A6-D6CF9006F006}.Release|Any CPU.ActiveCfg = Release|Any CPU
		{694CD015-7743-4FFC-B8A6-D6CF9006F006}.Release|Any CPU.Build.0 = Release|Any CPU
	EndGlobalSection
	GlobalSection(SolutionProperties) = preSolution
		HideSolutionNode = FALSE
	EndGlobalSection
	GlobalSection(ExtensibilityGlobals) = postSolution
		SolutionGuid = {6FCE037B-7A1D-490B-A373-F0F9E0A09D59}
	EndGlobalSection
EndGlobal
