
Microsoft Visual Studio Solution File, Format Version 12.00
# Visual Studio Version 17
VisualStudioVersion = 17.3.32825.248
MinimumVisualStudioVersion = 10.0.40219.1
Project("{FAE04EC0-301F-11D3-BF4B-00C04F79EFBC}") = "Interfaz_List_Box", "Interfaz_List_Box\Interfaz_List_Box.csproj", "{13625CB8-B8DC-4C51-BDA5-316FE3EBEF50}"
EndProject
Global
	GlobalSection(SolutionConfigurationPlatforms) = preSolution
		Debug|Any CPU = Debug|Any CPU
		Release|Any CPU = Release|Any CPU
	EndGlobalSection
	GlobalSection(ProjectConfigurationPlatforms) = postSolution
		{13625CB8-B8DC-4C51-BDA5-316FE3EBEF50}.Debug|Any CPU.ActiveCfg = Debug|Any CPU
		{13625CB8-B8DC-4C51-BDA5-316FE3EBEF50}.Debug|Any CPU.Build.0 = Debug|Any CPU
		{13625CB8-B8DC-4C51-BDA5-316FE3EBEF50}.Release|Any CPU.ActiveCfg = Release|Any CPU
		{13625CB8-B8DC-4C51-BDA5-316FE3EBEF50}.Release|Any CPU.Build.0 = Release|Any CPU
	EndGlobalSection
	GlobalSection(SolutionProperties) = preSolution
		HideSolutionNode = FALSE
	EndGlobalSection
	GlobalSection(ExtensibilityGlobals) = postSolution
		SolutionGuid = {2F35C25A-FE1E-440E-ADE4-7191AF14090F}
	EndGlobalSection
EndGlobal
