
Microsoft Visual Studio Solution File, Format Version 12.00
# Visual Studio Version 17
VisualStudioVersion = 17.3.32825.248
MinimumVisualStudioVersion = 10.0.40219.1
Project("{FAE04EC0-301F-11D3-BF4B-00C04F79EFBC}") = "ProbandoInterface", "ProbandoInterface\ProbandoInterface.csproj", "{6EB54F1B-80BD-43DD-81D7-82E43786D43E}"
EndProject
Global
	GlobalSection(SolutionConfigurationPlatforms) = preSolution
		Debug|Any CPU = Debug|Any CPU
		Release|Any CPU = Release|Any CPU
	EndGlobalSection
	GlobalSection(ProjectConfigurationPlatforms) = postSolution
		{6EB54F1B-80BD-43DD-81D7-82E43786D43E}.Debug|Any CPU.ActiveCfg = Debug|Any CPU
		{6EB54F1B-80BD-43DD-81D7-82E43786D43E}.Debug|Any CPU.Build.0 = Debug|Any CPU
		{6EB54F1B-80BD-43DD-81D7-82E43786D43E}.Release|Any CPU.ActiveCfg = Release|Any CPU
		{6EB54F1B-80BD-43DD-81D7-82E43786D43E}.Release|Any CPU.Build.0 = Release|Any CPU
	EndGlobalSection
	GlobalSection(SolutionProperties) = preSolution
		HideSolutionNode = FALSE
	EndGlobalSection
	GlobalSection(ExtensibilityGlobals) = postSolution
		SolutionGuid = {44181FED-019F-4BF6-9304-E293E786FC12}
	EndGlobalSection
EndGlobal
