
Microsoft Visual Studio Solution File, Format Version 12.00
# Visual Studio Version 17
VisualStudioVersion = 17.3.32825.248
MinimumVisualStudioVersion = 10.0.40219.1
Project("{FAE04EC0-301F-11D3-BF4B-00C04F79EFBC}") = "Uso_checkbox", "Uso_checkbox\Uso_checkbox.csproj", "{B1D5FE32-5FBB-44B0-A806-8E346E79A1C7}"
EndProject
Global
	GlobalSection(SolutionConfigurationPlatforms) = preSolution
		Debug|Any CPU = Debug|Any CPU
		Release|Any CPU = Release|Any CPU
	EndGlobalSection
	GlobalSection(ProjectConfigurationPlatforms) = postSolution
		{B1D5FE32-5FBB-44B0-A806-8E346E79A1C7}.Debug|Any CPU.ActiveCfg = Debug|Any CPU
		{B1D5FE32-5FBB-44B0-A806-8E346E79A1C7}.Debug|Any CPU.Build.0 = Debug|Any CPU
		{B1D5FE32-5FBB-44B0-A806-8E346E79A1C7}.Release|Any CPU.ActiveCfg = Release|Any CPU
		{B1D5FE32-5FBB-44B0-A806-8E346E79A1C7}.Release|Any CPU.Build.0 = Release|Any CPU
	EndGlobalSection
	GlobalSection(SolutionProperties) = preSolution
		HideSolutionNode = FALSE
	EndGlobalSection
	GlobalSection(ExtensibilityGlobals) = postSolution
		SolutionGuid = {179292EB-D232-4F06-9CE5-8548CE5DE2DD}
	EndGlobalSection
EndGlobal
