
Microsoft Visual Studio Solution File, Format Version 12.00
# Visual Studio Version 17
VisualStudioVersion = 17.3.32825.248
MinimumVisualStudioVersion = 10.0.40219.1
Project("{FAE04EC0-301F-11D3-BF4B-00C04F79EFBC}") = "ExpresionesRegulares", "ExpresionesRegulares\ExpresionesRegulares.csproj", "{8A159AB6-00C2-4D52-B520-3279A8288E07}"
EndProject
Global
	GlobalSection(SolutionConfigurationPlatforms) = preSolution
		Debug|Any CPU = Debug|Any CPU
		Release|Any CPU = Release|Any CPU
	EndGlobalSection
	GlobalSection(ProjectConfigurationPlatforms) = postSolution
		{8A159AB6-00C2-4D52-B520-3279A8288E07}.Debug|Any CPU.ActiveCfg = Debug|Any CPU
		{8A159AB6-00C2-4D52-B520-3279A8288E07}.Debug|Any CPU.Build.0 = Debug|Any CPU
		{8A159AB6-00C2-4D52-B520-3279A8288E07}.Release|Any CPU.ActiveCfg = Release|Any CPU
		{8A159AB6-00C2-4D52-B520-3279A8288E07}.Release|Any CPU.Build.0 = Release|Any CPU
	EndGlobalSection
	GlobalSection(SolutionProperties) = preSolution
		HideSolutionNode = FALSE
	EndGlobalSection
	GlobalSection(ExtensibilityGlobals) = postSolution
		SolutionGuid = {EF7C8B3A-6F54-45B4-BC86-20450A16E0BA}
	EndGlobalSection
EndGlobal
