
Microsoft Visual Studio Solution File, Format Version 12.00
# Visual Studio Version 17
VisualStudioVersion = 17.3.32825.248
MinimumVisualStudioVersion = 10.0.40219.1
Project("{FAE04EC0-301F-11D3-BF4B-00C04F79EFBC}") = "CLASES", "CLASES\CLASES.csproj", "{B6C4C426-5D7A-4A66-B7FA-484BFF05E62D}"
EndProject
Global
	GlobalSection(SolutionConfigurationPlatforms) = preSolution
		Debug|Any CPU = Debug|Any CPU
		Release|Any CPU = Release|Any CPU
	EndGlobalSection
	GlobalSection(ProjectConfigurationPlatforms) = postSolution
		{B6C4C426-5D7A-4A66-B7FA-484BFF05E62D}.Debug|Any CPU.ActiveCfg = Debug|Any CPU
		{B6C4C426-5D7A-4A66-B7FA-484BFF05E62D}.Debug|Any CPU.Build.0 = Debug|Any CPU
		{B6C4C426-5D7A-4A66-B7FA-484BFF05E62D}.Release|Any CPU.ActiveCfg = Release|Any CPU
		{B6C4C426-5D7A-4A66-B7FA-484BFF05E62D}.Release|Any CPU.Build.0 = Release|Any CPU
	EndGlobalSection
	GlobalSection(SolutionProperties) = preSolution
		HideSolutionNode = FALSE
	EndGlobalSection
	GlobalSection(ExtensibilityGlobals) = postSolution
		SolutionGuid = {A7BDC19F-43CE-43BB-BE38-A48135F4F749}
	EndGlobalSection
EndGlobal
