
Microsoft Visual Studio Solution File, Format Version 12.00
# Visual Studio Version 17
VisualStudioVersion = 17.3.32825.248
MinimumVisualStudioVersion = 10.0.40219.1
Project("{FAE04EC0-301F-11D3-BF4B-00C04F79EFBC}") = "EjercicioInterface", "EjercicioInterface\EjercicioInterface.csproj", "{09B34106-6EA1-4F7C-9FEA-B5BA32F26064}"
EndProject
Global
	GlobalSection(SolutionConfigurationPlatforms) = preSolution
		Debug|Any CPU = Debug|Any CPU
		Release|Any CPU = Release|Any CPU
	EndGlobalSection
	GlobalSection(ProjectConfigurationPlatforms) = postSolution
		{09B34106-6EA1-4F7C-9FEA-B5BA32F26064}.Debug|Any CPU.ActiveCfg = Debug|Any CPU
		{09B34106-6EA1-4F7C-9FEA-B5BA32F26064}.Debug|Any CPU.Build.0 = Debug|Any CPU
		{09B34106-6EA1-4F7C-9FEA-B5BA32F26064}.Release|Any CPU.ActiveCfg = Release|Any CPU
		{09B34106-6EA1-4F7C-9FEA-B5BA32F26064}.Release|Any CPU.Build.0 = Release|Any CPU
	EndGlobalSection
	GlobalSection(SolutionProperties) = preSolution
		HideSolutionNode = FALSE
	EndGlobalSection
	GlobalSection(ExtensibilityGlobals) = postSolution
		SolutionGuid = {5AF0A6A1-E00A-4274-B17B-9935EE63F2F9}
	EndGlobalSection
EndGlobal
